
Microsoft Visual Studio Solution File, Format Version 12.00
# Visual Studio Version 17
VisualStudioVersion = 17.3.32929.385
MinimumVisualStudioVersion = 10.0.40219.1
Project("{FAE04EC0-301F-11D3-BF4B-00C04F79EFBC}") = "DiagonsticTestManagement", "DiagonsticTestManagement\DiagonsticTestManagement.csproj", "{3540E5FB-CBCD-4D66-99DE-BAEA3FC87CEC}"
EndProject
Global
	GlobalSection(SolutionConfigurationPlatforms) = preSolution
		Debug|Any CPU = Debug|Any CPU
		Release|Any CPU = Release|Any CPU
	EndGlobalSection
	GlobalSection(ProjectConfigurationPlatforms) = postSolution
		{3540E5FB-CBCD-4D66-99DE-BAEA3FC87CEC}.Debug|Any CPU.ActiveCfg = Debug|Any CPU
		{3540E5FB-CBCD-4D66-99DE-BAEA3FC87CEC}.Debug|Any CPU.Build.0 = Debug|Any CPU
		{3540E5FB-CBCD-4D66-99DE-BAEA3FC87CEC}.Release|Any CPU.ActiveCfg = Release|Any CPU
		{3540E5FB-CBCD-4D66-99DE-BAEA3FC87CEC}.Release|Any CPU.Build.0 = Release|Any CPU
	EndGlobalSection
	GlobalSection(SolutionProperties) = preSolution
		HideSolutionNode = FALSE
	EndGlobalSection
	GlobalSection(ExtensibilityGlobals) = postSolution
		SolutionGuid = {4E2D234C-0570-4404-9916-7B4D4254B162}
	EndGlobalSection
EndGlobal
